
Microsoft Visual Studio Solution File, Format Version 12.00
# Visual Studio 15
Project("{FAE04EC0-301F-11D3-BF4B-00C04F79EFBC}") = "Food-App.Android", "Food-App.Android\Food-App.Android.csproj", "{49EBE0ED-E688-444F-9B48-0F550B78C4CF}"
EndProject
Project("{FAE04EC0-301F-11D3-BF4B-00C04F79EFBC}") = "Food-App.iOS", "Food-App.iOS\Food-App.iOS.csproj", "{61B31AD3-91D6-48B4-AB43-70847F5FC426}"
EndProject
Project("{FAE04EC0-301F-11D3-BF4B-00C04F79EFBC}") = "Food-App", "Food-App\Food-App.csproj", "{5338007D-5E9E-4D45-BE7B-3220974AC14F}"
EndProject
Global
	GlobalSection(SolutionConfigurationPlatforms) = preSolution
		Debug|Any CPU = Debug|Any CPU
		Release|Any CPU = Release|Any CPU
		Debug|iPhoneSimulator = Debug|iPhoneSimulator
		Release|iPhoneSimulator = Release|iPhoneSimulator
		Debug|iPhone = Debug|iPhone
		Release|iPhone = Release|iPhone
		Ad-Hoc|iPhone = Ad-Hoc|iPhone
		AppStore|iPhone = AppStore|iPhone
	EndGlobalSection
	GlobalSection(ProjectConfigurationPlatforms) = postSolution
		{49EBE0ED-E688-444F-9B48-0F550B78C4CF}.Debug|Any CPU.ActiveCfg = Debug|Any CPU
		{49EBE0ED-E688-444F-9B48-0F550B78C4CF}.Debug|Any CPU.Build.0 = Debug|Any CPU
		{49EBE0ED-E688-444F-9B48-0F550B78C4CF}.Release|Any CPU.ActiveCfg = Release|Any CPU
		{49EBE0ED-E688-444F-9B48-0F550B78C4CF}.Release|Any CPU.Build.0 = Release|Any CPU
		{49EBE0ED-E688-444F-9B48-0F550B78C4CF}.Debug|iPhoneSimulator.ActiveCfg = Debug|Any CPU
		{49EBE0ED-E688-444F-9B48-0F550B78C4CF}.Debug|iPhoneSimulator.Build.0 = Debug|Any CPU
		{49EBE0ED-E688-444F-9B48-0F550B78C4CF}.Release|iPhoneSimulator.ActiveCfg = Release|Any CPU
		{49EBE0ED-E688-444F-9B48-0F550B78C4CF}.Release|iPhoneSimulator.Build.0 = Release|Any CPU
		{49EBE0ED-E688-444F-9B48-0F550B78C4CF}.Debug|iPhone.ActiveCfg = Debug|Any CPU
		{49EBE0ED-E688-444F-9B48-0F550B78C4CF}.Debug|iPhone.Build.0 = Debug|Any CPU
		{49EBE0ED-E688-444F-9B48-0F550B78C4CF}.Release|iPhone.ActiveCfg = Release|Any CPU
		{49EBE0ED-E688-444F-9B48-0F550B78C4CF}.Release|iPhone.Build.0 = Release|Any CPU
		{49EBE0ED-E688-444F-9B48-0F550B78C4CF}.Ad-Hoc|iPhone.ActiveCfg = Debug|Any CPU
		{49EBE0ED-E688-444F-9B48-0F550B78C4CF}.Ad-Hoc|iPhone.Build.0 = Debug|Any CPU
		{49EBE0ED-E688-444F-9B48-0F550B78C4CF}.AppStore|iPhone.ActiveCfg = Debug|Any CPU
		{49EBE0ED-E688-444F-9B48-0F550B78C4CF}.AppStore|iPhone.Build.0 = Debug|Any CPU
		{61B31AD3-91D6-48B4-AB43-70847F5FC426}.Debug|Any CPU.ActiveCfg = Debug|iPhoneSimulator
		{61B31AD3-91D6-48B4-AB43-70847F5FC426}.Debug|Any CPU.Build.0 = Debug|iPhoneSimulator
		{61B31AD3-91D6-48B4-AB43-70847F5FC426}.Release|Any CPU.ActiveCfg = Release|iPhoneSimulator
		{61B31AD3-91D6-48B4-AB43-70847F5FC426}.Release|Any CPU.Build.0 = Release|iPhoneSimulator
		{61B31AD3-91D6-48B4-AB43-70847F5FC426}.Debug|iPhoneSimulator.ActiveCfg = Debug|iPhoneSimulator
		{61B31AD3-91D6-48B4-AB43-70847F5FC426}.Debug|iPhoneSimulator.Build.0 = Debug|iPhoneSimulator
		{61B31AD3-91D6-48B4-AB43-70847F5FC426}.Release|iPhoneSimulator.ActiveCfg = Release|iPhoneSimulator
		{61B31AD3-91D6-48B4-AB43-70847F5FC426}.Release|iPhoneSimulator.Build.0 = Release|iPhoneSimulator
		{61B31AD3-91D6-48B4-AB43-70847F5FC426}.Debug|iPhone.ActiveCfg = Debug|iPhone
		{61B31AD3-91D6-48B4-AB43-70847F5FC426}.Debug|iPhone.Build.0 = Debug|iPhone
		{61B31AD3-91D6-48B4-AB43-70847F5FC426}.Release|iPhone.ActiveCfg = Release|iPhone
		{61B31AD3-91D6-48B4-AB43-70847F5FC426}.Release|iPhone.Build.0 = Release|iPhone
		{61B31AD3-91D6-48B4-AB43-70847F5FC426}.Ad-Hoc|iPhone.ActiveCfg = Ad-Hoc|iPhone
		{61B31AD3-91D6-48B4-AB43-70847F5FC426}.Ad-Hoc|iPhone.Build.0 = Ad-Hoc|iPhone
		{61B31AD3-91D6-48B4-AB43-70847F5FC426}.AppStore|iPhone.ActiveCfg = AppStore|iPhone
		{61B31AD3-91D6-48B4-AB43-70847F5FC426}.AppStore|iPhone.Build.0 = AppStore|iPhone
		{5338007D-5E9E-4D45-BE7B-3220974AC14F}.Debug|Any CPU.ActiveCfg = Debug|Any CPU
		{5338007D-5E9E-4D45-BE7B-3220974AC14F}.Debug|Any CPU.Build.0 = Debug|Any CPU
		{5338007D-5E9E-4D45-BE7B-3220974AC14F}.Release|Any CPU.ActiveCfg = Release|Any CPU
		{5338007D-5E9E-4D45-BE7B-3220974AC14F}.Release|Any CPU.Build.0 = Release|Any CPU
		{5338007D-5E9E-4D45-BE7B-3220974AC14F}.Debug|iPhoneSimulator.ActiveCfg = Debug|Any CPU
		{5338007D-5E9E-4D45-BE7B-3220974AC14F}.Debug|iPhoneSimulator.Build.0 = Debug|Any CPU
		{5338007D-5E9E-4D45-BE7B-3220974AC14F}.Release|iPhoneSimulator.ActiveCfg = Release|Any CPU
		{5338007D-5E9E-4D45-BE7B-3220974AC14F}.Release|iPhoneSimulator.Build.0 = Release|Any CPU
		{5338007D-5E9E-4D45-BE7B-3220974AC14F}.Debug|iPhone.ActiveCfg = Debug|Any CPU
		{5338007D-5E9E-4D45-BE7B-3220974AC14F}.Debug|iPhone.Build.0 = Debug|Any CPU
		{5338007D-5E9E-4D45-BE7B-3220974AC14F}.Release|iPhone.ActiveCfg = Release|Any CPU
		{5338007D-5E9E-4D45-BE7B-3220974AC14F}.Release|iPhone.Build.0 = Release|Any CPU
		{5338007D-5E9E-4D45-BE7B-3220974AC14F}.Ad-Hoc|iPhone.ActiveCfg = Debug|Any CPU
		{5338007D-5E9E-4D45-BE7B-3220974AC14F}.Ad-Hoc|iPhone.Build.0 = Debug|Any CPU
		{5338007D-5E9E-4D45-BE7B-3220974AC14F}.AppStore|iPhone.ActiveCfg = Debug|Any CPU
		{5338007D-5E9E-4D45-BE7B-3220974AC14F}.AppStore|iPhone.Build.0 = Debug|Any CPU
	EndGlobalSection
EndGlobal
